{
  "requires": true,
  "lockfileVersion": 1,
  "dependencies": {
    "@angular/common": {
      "version": "11.0.0",
      "resolved": "https://registry.npmjs.org/@angular/common/-/common-11.0.0.tgz",
      "integrity": "sha512-chlbtxR7jpPs3Rc1ymdp3UfUzqEr57OFIxVMG6hROODclPQQk/7oOHdQB4hpUObaF9y4ZTLeKHKWiR/twi21Pg==",
      "requires": {
        "tslib": "^2.0.0"
      }
    },
    "@angular/core": {
      "version": "11.0.0",
      "resolved": "https://registry.npmjs.org/@angular/core/-/core-11.0.0.tgz",
      "integrity": "sha512-FNewyMwYy+kGdw1xWfrtaPD2cSQs3kDVFbl8mNMSzp933W5yMsHDvjXb0+nPFqEb8ywEIdm3MsBMK0y3iBWZQw==",
      "requires": {
        "tslib": "^2.0.0"
      }
    },
    "@ngx-translate/core": {
      "version": "13.0.0",
      "resolved": "https://registry.npmjs.org/@ngx-translate/core/-/core-13.0.0.tgz",
      "integrity": "sha512-+tzEp8wlqEnw0Gc7jtVRAJ6RteUjXw6JJR4O65KlnxOmJrCGPI0xjV/lKRnQeU0w4i96PQs/jtpL921Wrb7PWg==",
      "requires": {
        "tslib": "^2.0.0"
      }
    },
    "@ngx-translate/http-loader": {
      "version": "6.0.0",
      "resolved": "https://registry.npmjs.org/@ngx-translate/http-loader/-/http-loader-6.0.0.tgz",
      "integrity": "sha512-LCekn6qCbeXWlhESCxU1rAbZz33WzDG0lI7Ig0pYC1o5YxJWrkU9y3Y4tNi+jakQ7R6YhTR2D3ox6APxDtA0wA==",
      "requires": {
        "tslib": "^2.0.0"
      }
    },
    "rxjs": {
      "version": "6.6.3",
      "resolved": "https://registry.npmjs.org/rxjs/-/rxjs-6.6.3.tgz",
      "integrity": "sha512-trsQc+xYYXZ3urjOiJOuCOa5N3jAZ3eiSpQB5hIT8zGlL2QfnHLJ2r7GMkBGuIausdJN1OneaI6gQlsqNHHmZQ==",
      "requires": {
        "tslib": "^1.9.0"
      },
      "dependencies": {
        "tslib": {
          "version": "1.14.1",
          "resolved": "https://registry.npmjs.org/tslib/-/tslib-1.14.1.tgz",
          "integrity": "sha512-Xni35NKzjgMrwevysHTCArtLDpPvye8zV/0E4EyYn43P7/7qvQwPh9BGkHewbMulVntbigmcT7rdX3BNo9wRJg=="
        }
      }
    },
    "tslib": {
      "version": "2.0.3",
      "resolved": "https://registry.npmjs.org/tslib/-/tslib-2.0.3.tgz",
      "integrity": "sha512-uZtkfKblCEQtZKBF6EBXVZeQNl82yqtDQdv+eck8u7tdPxjLu2/lp5/uPW+um2tpuxINHWy3GhiccY7QgEaVHQ=="
    }
  }
}
